
Microsoft Visual Studio Solution File, Format Version 12.00
# Visual Studio Version 17
VisualStudioVersion = 17.12.35707.178
MinimumVisualStudioVersion = 10.0.40219.1
Project("{FAE04EC0-301F-11D3-BF4B-00C04F79EFBC}") = "MassTransitOrderProject.API", "MassTransitOrderProject\MassTransitOrderProject.API.csproj", "{0C7EF66F-22B8-409A-AF5F-7794EBD95767}"
EndProject
Project("{FAE04EC0-301F-11D3-BF4B-00C04F79EFBC}") = "MassTransitOrderProject.Shared", "MassTransitOrderProject.Shared\MassTransitOrderProject.Shared.csproj", "{7F9E511E-D192-440F-9DFE-386ED86A8E33}"
EndProject
Project("{2150E333-8FDC-42A3-9474-1A3956D46DE8}") = "Solution Items", "Solution Items", "{413BC7CE-54AA-4A9C-A388-962475C6A260}"
	ProjectSection(SolutionItems) = preProject
		.gitignore = .gitignore
	EndProjectSection
EndProject
Global
	GlobalSection(SolutionConfigurationPlatforms) = preSolution
		Debug|Any CPU = Debug|Any CPU
		Release|Any CPU = Release|Any CPU
	EndGlobalSection
	GlobalSection(ProjectConfigurationPlatforms) = postSolution
		{0C7EF66F-22B8-409A-AF5F-7794EBD95767}.Debug|Any CPU.ActiveCfg = Debug|Any CPU
		{0C7EF66F-22B8-409A-AF5F-7794EBD95767}.Debug|Any CPU.Build.0 = Debug|Any CPU
		{0C7EF66F-22B8-409A-AF5F-7794EBD95767}.Release|Any CPU.ActiveCfg = Release|Any CPU
		{0C7EF66F-22B8-409A-AF5F-7794EBD95767}.Release|Any CPU.Build.0 = Release|Any CPU
		{7F9E511E-D192-440F-9DFE-386ED86A8E33}.Debug|Any CPU.ActiveCfg = Debug|Any CPU
		{7F9E511E-D192-440F-9DFE-386ED86A8E33}.Debug|Any CPU.Build.0 = Debug|Any CPU
		{7F9E511E-D192-440F-9DFE-386ED86A8E33}.Release|Any CPU.ActiveCfg = Release|Any CPU
		{7F9E511E-D192-440F-9DFE-386ED86A8E33}.Release|Any CPU.Build.0 = Release|Any CPU
	EndGlobalSection
	GlobalSection(SolutionProperties) = preSolution
		HideSolutionNode = FALSE
	EndGlobalSection
EndGlobal
